// !$*UTF8*$!
{
	archiveVersion = 1;
	classes = {
	};
	objectVersion = 46;
	objects = {

/* Begin PBXBuildFile section */
		5B1CFDF71B4F6BDE0021166B /* main.m in Sources */ = {isa = PBXBuildFile; fileRef = 5B1CFDF61B4F6BDE0021166B /* main.m */; };
		5B1CFDFA1B4F6BDE0021166B /* AppDelegate.m in Sources */ = {isa = PBXBuildFile; fileRef = 5B1CFDF91B4F6BDE0021166B /* AppDelegate.m */; };
		5B1CFDFD1B4F6BDE0021166B /* FeedViewController.m in Sources */ = {isa = PBXBuildFile; fileRef = 5B1CFDFC1B4F6BDE0021166B /* FeedViewController.m */; };
		5B1CFE001B4F6BDE0021166B /* Main.storyboard in Resources */ = {isa = PBXBuildFile; fileRef = 5B1CFDFE1B4F6BDE0021166B /* Main.storyboard */; };
		5B1CFE021B4F6BDE0021166B /* Images.xcassets in Resources */ = {isa = PBXBuildFile; fileRef = 5B1CFE011B4F6BDE0021166B /* Images.xcassets */; };
		5B1CFE051B4F6BDE0021166B /* LaunchScreen.xib in Resources */ = {isa = PBXBuildFile; fileRef = 5B1CFE031B4F6BDE0021166B /* LaunchScreen.xib */; };
		5B1CFE111B4F6BDE0021166B /* SkrappsTests.m in Sources */ = {isa = PBXBuildFile; fileRef = 5B1CFE101B4F6BDE0021166B /* SkrappsTests.m */; };
		5B1CFE1F1B4F88040021166B /* InstagramServiceManager.m in Sources */ = {isa = PBXBuildFile; fileRef = 5B1CFE1E1B4F88040021166B /* InstagramServiceManager.m */; };
		5B1CFE201B4F88040021166B /* InstagramServiceManager.m in Sources */ = {isa = PBXBuildFile; fileRef = 5B1CFE1E1B4F88040021166B /* InstagramServiceManager.m */; };
		5BA607711B503D0D00F5403B /* User.m in Sources */ = {isa = PBXBuildFile; fileRef = 5BA607701B503D0D00F5403B /* User.m */; };
		5BA607721B503D0D00F5403B /* User.m in Sources */ = {isa = PBXBuildFile; fileRef = 5BA607701B503D0D00F5403B /* User.m */; };
		5BA607751B50409500F5403B /* Comment.m in Sources */ = {isa = PBXBuildFile; fileRef = 5BA607741B50409500F5403B /* Comment.m */; };
		5BA607761B50409500F5403B /* Comment.m in Sources */ = {isa = PBXBuildFile; fileRef = 5BA607741B50409500F5403B /* Comment.m */; };
		5BA607791B504DBC00F5403B /* Media.m in Sources */ = {isa = PBXBuildFile; fileRef = 5BA607781B504DBC00F5403B /* Media.m */; };
		5BA6077A1B504DBC00F5403B /* Media.m in Sources */ = {isa = PBXBuildFile; fileRef = 5BA607781B504DBC00F5403B /* Media.m */; };
		5BA6077D1B506A8100F5403B /* SkrappsServiceManager.m in Sources */ = {isa = PBXBuildFile; fileRef = 5BA6077C1B506A8100F5403B /* SkrappsServiceManager.m */; };
		5BA6077E1B506A8100F5403B /* SkrappsServiceManager.m in Sources */ = {isa = PBXBuildFile; fileRef = 5BA6077C1B506A8100F5403B /* SkrappsServiceManager.m */; };
		5BA607821B507B2C00F5403B /* MediaCell.m in Sources */ = {isa = PBXBuildFile; fileRef = 5BA607811B507B2C00F5403B /* MediaCell.m */; };
		5BA607831B507B2C00F5403B /* MediaCell.m in Sources */ = {isa = PBXBuildFile; fileRef = 5BA607811B507B2C00F5403B /* MediaCell.m */; };
		CA5A52B3C490B97ACB27CD9F /* libPods.a in Frameworks */ = {isa = PBXBuildFile; fileRef = CAFB82629A3966C821661571 /* libPods.a */; };
		E00F6B18EAF05AF7CBD9DF40 /* libPods-Skrapps.a in Frameworks */ = {isa = PBXBuildFile; fileRef = CEA34A25EAF26E021D0BA4A2 /* libPods-Skrapps.a */; };
/* End PBXBuildFile section */

/* Begin PBXContainerItemProxy section */
		5B1CFE0B1B4F6BDE0021166B /* PBXContainerItemProxy */ = {
			isa = PBXContainerItemProxy;
			containerPortal = 5B1CFDE91B4F6BDD0021166B /* Project object */;
			proxyType = 1;
			remoteGlobalIDString = 5B1CFDF01B4F6BDD0021166B;
			remoteInfo = Skrapps;
		};
/* End PBXContainerItemProxy section */

/* Begin PBXFileReference section */
		3C433BAC98D61957AA59C04E /* Pods.release.xcconfig */ = {isa = PBXFileReference; includeInIndex = 1; lastKnownFileType = text.xcconfig; name = Pods.release.xcconfig; path = "Pods/Target Support Files/Pods/Pods.release.xcconfig"; sourceTree = "<group>"; };
		5B1CFDF11B4F6BDE0021166B /* Skrapps.app */ = {isa = PBXFileReference; explicitFileType = wrapper.application; includeInIndex = 0; path = Skrapps.app; sourceTree = BUILT_PRODUCTS_DIR; };
		5B1CFDF51B4F6BDE0021166B /* Info.plist */ = {isa = PBXFileReference; lastKnownFileType = text.plist.xml; path = Info.plist; sourceTree = "<group>"; };
		5B1CFDF61B4F6BDE0021166B /* main.m */ = {isa = PBXFileReference; lastKnownFileType = sourcecode.c.objc; path = main.m; sourceTree = "<group>"; };
		5B1CFDF81B4F6BDE0021166B /* AppDelegate.h */ = {isa = PBXFileReference; lastKnownFileType = sourcecode.c.h; path = AppDelegate.h; sourceTree = "<group>"; };
		5B1CFDF91B4F6BDE0021166B /* AppDelegate.m */ = {isa = PBXFileReference; lastKnownFileType = sourcecode.c.objc; path = AppDelegate.m; sourceTree = "<group>"; };
		5B1CFDFB1B4F6BDE0021166B /* FeedViewController.h */ = {isa = PBXFileReference; lastKnownFileType = sourcecode.c.h; path = FeedViewController.h; sourceTree = "<group>"; };
		5B1CFDFC1B4F6BDE0021166B /* FeedViewController.m */ = {isa = PBXFileReference; lastKnownFileType = sourcecode.c.objc; path = FeedViewController.m; sourceTree = "<group>"; };
		5B1CFDFF1B4F6BDE0021166B /* Base */ = {isa = PBXFileReference; lastKnownFileType = file.storyboard; name = Base; path = Base.lproj/Main.storyboard; sourceTree = "<group>"; };
		5B1CFE011B4F6BDE0021166B /* Images.xcassets */ = {isa = PBXFileReference; lastKnownFileType = folder.assetcatalog; path = Images.xcassets; sourceTree = "<group>"; };
		5B1CFE041B4F6BDE0021166B /* Base */ = {isa = PBXFileReference; lastKnownFileType = file.xib; name = Base; path = Base.lproj/LaunchScreen.xib; sourceTree = "<group>"; };
		5B1CFE0A1B4F6BDE0021166B /* SkrappsTests.xctest */ = {isa = PBXFileReference; explicitFileType = wrapper.cfbundle; includeInIndex = 0; path = SkrappsTests.xctest; sourceTree = BUILT_PRODUCTS_DIR; };
		5B1CFE0F1B4F6BDE0021166B /* Info.plist */ = {isa = PBXFileReference; lastKnownFileType = text.plist.xml; path = Info.plist; sourceTree = "<group>"; };
		5B1CFE101B4F6BDE0021166B /* SkrappsTests.m */ = {isa = PBXFileReference; lastKnownFileType = sourcecode.c.objc; path = SkrappsTests.m; sourceTree = "<group>"; };
		5B1CFE1C1B4F85A60021166B /* ServiceManager.h */ = {isa = PBXFileReference; fileEncoding = 4; lastKnownFileType = sourcecode.c.h; path = ServiceManager.h; sourceTree = "<group>"; };
		5B1CFE1D1B4F88040021166B /* InstagramServiceManager.h */ = {isa = PBXFileReference; fileEncoding = 4; lastKnownFileType = sourcecode.c.h; path = InstagramServiceManager.h; sourceTree = "<group>"; };
		5B1CFE1E1B4F88040021166B /* InstagramServiceManager.m */ = {isa = PBXFileReference; fileEncoding = 4; lastKnownFileType = sourcecode.c.objc; path = InstagramServiceManager.m; sourceTree = "<group>"; };
		5BA6076F1B503D0D00F5403B /* User.h */ = {isa = PBXFileReference; fileEncoding = 4; lastKnownFileType = sourcecode.c.h; path = User.h; sourceTree = "<group>"; };
		5BA607701B503D0D00F5403B /* User.m */ = {isa = PBXFileReference; fileEncoding = 4; lastKnownFileType = sourcecode.c.objc; path = User.m; sourceTree = "<group>"; };
		5BA607731B50409500F5403B /* Comment.h */ = {isa = PBXFileReference; fileEncoding = 4; lastKnownFileType = sourcecode.c.h; path = Comment.h; sourceTree = "<group>"; };
		5BA607741B50409500F5403B /* Comment.m */ = {isa = PBXFileReference; fileEncoding = 4; lastKnownFileType = sourcecode.c.objc; path = Comment.m; sourceTree = "<group>"; };
		5BA607771B504DBC00F5403B /* Media.h */ = {isa = PBXFileReference; fileEncoding = 4; lastKnownFileType = sourcecode.c.h; path = Media.h; sourceTree = "<group>"; };
		5BA607781B504DBC00F5403B /* Media.m */ = {isa = PBXFileReference; fileEncoding = 4; lastKnownFileType = sourcecode.c.objc; path = Media.m; sourceTree = "<group>"; };
		5BA6077B1B506A8100F5403B /* SkrappsServiceManager.h */ = {isa = PBXFileReference; fileEncoding = 4; lastKnownFileType = sourcecode.c.h; path = SkrappsServiceManager.h; sourceTree = "<group>"; };
		5BA6077C1B506A8100F5403B /* SkrappsServiceManager.m */ = {isa = PBXFileReference; fileEncoding = 4; lastKnownFileType = sourcecode.c.objc; path = SkrappsServiceManager.m; sourceTree = "<group>"; };
		5BA607801B507B2C00F5403B /* MediaCell.h */ = {isa = PBXFileReference; fileEncoding = 4; lastKnownFileType = sourcecode.c.h; path = MediaCell.h; sourceTree = "<group>"; };
		5BA607811B507B2C00F5403B /* MediaCell.m */ = {isa = PBXFileReference; fileEncoding = 4; lastKnownFileType = sourcecode.c.objc; path = MediaCell.m; sourceTree = "<group>"; };
		9798FE1CF94599CCFA8527DC /* Pods.debug.xcconfig */ = {isa = PBXFileReference; includeInIndex = 1; lastKnownFileType = text.xcconfig; name = Pods.debug.xcconfig; path = "Pods/Target Support Files/Pods/Pods.debug.xcconfig"; sourceTree = "<group>"; };
		CAFB82629A3966C821661571 /* libPods.a */ = {isa = PBXFileReference; explicitFileType = archive.ar; includeInIndex = 0; path = libPods.a; sourceTree = BUILT_PRODUCTS_DIR; };
		CEA34A25EAF26E021D0BA4A2 /* libPods-Skrapps.a */ = {isa = PBXFileReference; explicitFileType = archive.ar; includeInIndex = 0; path = "libPods-Skrapps.a"; sourceTree = BUILT_PRODUCTS_DIR; };
/* End PBXFileReference section */

/* Begin PBXFrameworksBuildPhase section */
		5B1CFDEE1B4F6BDD0021166B /* Frameworks */ = {
			isa = PBXFrameworksBuildPhase;
			buildActionMask = 2147483647;
			files = (
				CA5A52B3C490B97ACB27CD9F /* libPods.a in Frameworks */,
				E00F6B18EAF05AF7CBD9DF40 /* libPods-Skrapps.a in Frameworks */,
			);
			runOnlyForDeploymentPostprocessing = 0;
		};
		5B1CFE071B4F6BDE0021166B /* Frameworks */ = {
			isa = PBXFrameworksBuildPhase;
			buildActionMask = 2147483647;
			files = (
			);
			runOnlyForDeploymentPostprocessing = 0;
		};
/* End PBXFrameworksBuildPhase section */

/* Begin PBXGroup section */
		5B1CFDE81B4F6BDD0021166B = {
			isa = PBXGroup;
			children = (
				5B1CFDF31B4F6BDE0021166B /* Skrapps */,
				5B1CFE0D1B4F6BDE0021166B /* SkrappsTests */,
				5B1CFDF21B4F6BDE0021166B /* Products */,
				9FCC6CC8DB71D8733F7C38A5 /* Pods */,
				A4040B12B371A3E75CC2C886 /* Frameworks */,
			);
			sourceTree = "<group>";
		};
		5B1CFDF21B4F6BDE0021166B /* Products */ = {
			isa = PBXGroup;
			children = (
				5B1CFDF11B4F6BDE0021166B /* Skrapps.app */,
				5B1CFE0A1B4F6BDE0021166B /* SkrappsTests.xctest */,
			);
			name = Products;
			sourceTree = "<group>";
		};
		5B1CFDF31B4F6BDE0021166B /* Skrapps */ = {
			isa = PBXGroup;
			children = (
				5BA6077F1B507ABB00F5403B /* Cells */,
				5B1CFE1B1B4F83D30021166B /* Models */,
				5B1CFE1A1B4F83AB0021166B /* ServiceManager */,
				5B1CFDF81B4F6BDE0021166B /* AppDelegate.h */,
				5B1CFDF91B4F6BDE0021166B /* AppDelegate.m */,
				5B1CFDFB1B4F6BDE0021166B /* FeedViewController.h */,
				5B1CFDFC1B4F6BDE0021166B /* FeedViewController.m */,
				5B1CFDFE1B4F6BDE0021166B /* Main.storyboard */,
				5B1CFE011B4F6BDE0021166B /* Images.xcassets */,
				5B1CFE031B4F6BDE0021166B /* LaunchScreen.xib */,
				5B1CFDF41B4F6BDE0021166B /* Supporting Files */,
			);
			path = Skrapps;
			sourceTree = "<group>";
		};
		5B1CFDF41B4F6BDE0021166B /* Supporting Files */ = {
			isa = PBXGroup;
			children = (
				5B1CFDF51B4F6BDE0021166B /* Info.plist */,
				5B1CFDF61B4F6BDE0021166B /* main.m */,
			);
			name = "Supporting Files";
			sourceTree = "<group>";
		};
		5B1CFE0D1B4F6BDE0021166B /* SkrappsTests */ = {
			isa = PBXGroup;
			children = (
				5B1CFE101B4F6BDE0021166B /* SkrappsTests.m */,
				5B1CFE0E1B4F6BDE0021166B /* Supporting Files */,
			);
			path = SkrappsTests;
			sourceTree = "<group>";
		};
		5B1CFE0E1B4F6BDE0021166B /* Supporting Files */ = {
			isa = PBXGroup;
			children = (
				5B1CFE0F1B4F6BDE0021166B /* Info.plist */,
			);
			name = "Supporting Files";
			sourceTree = "<group>";
		};
		5B1CFE1A1B4F83AB0021166B /* ServiceManager */ = {
			isa = PBXGroup;
			children = (
				5B1CFE1C1B4F85A60021166B /* ServiceManager.h */,
				5B1CFE1D1B4F88040021166B /* InstagramServiceManager.h */,
				5B1CFE1E1B4F88040021166B /* InstagramServiceManager.m */,
				5BA6077B1B506A8100F5403B /* SkrappsServiceManager.h */,
				5BA6077C1B506A8100F5403B /* SkrappsServiceManager.m */,
			);
			path = ServiceManager;
			sourceTree = "<group>";
		};
		5B1CFE1B1B4F83D30021166B /* Models */ = {
			isa = PBXGroup;
			children = (
				5BA6076F1B503D0D00F5403B /* User.h */,
				5BA607701B503D0D00F5403B /* User.m */,
				5BA607731B50409500F5403B /* Comment.h */,
				5BA607741B50409500F5403B /* Comment.m */,
				5BA607771B504DBC00F5403B /* Media.h */,
				5BA607781B504DBC00F5403B /* Media.m */,
			);
			path = Models;
			sourceTree = "<group>";
		};
		5BA6077F1B507ABB00F5403B /* Cells */ = {
			isa = PBXGroup;
			children = (
				5BA607801B507B2C00F5403B /* MediaCell.h */,
				5BA607811B507B2C00F5403B /* MediaCell.m */,
			);
			path = Cells;
			sourceTree = "<group>";
		};
		9FCC6CC8DB71D8733F7C38A5 /* Pods */ = {
			isa = PBXGroup;
			children = (
				9798FE1CF94599CCFA8527DC /* Pods.debug.xcconfig */,
				3C433BAC98D61957AA59C04E /* Pods.release.xcconfig */,
			);
			name = Pods;
			sourceTree = "<group>";
		};
		A4040B12B371A3E75CC2C886 /* Frameworks */ = {
			isa = PBXGroup;
			children = (
				CAFB82629A3966C821661571 /* libPods.a */,
				CEA34A25EAF26E021D0BA4A2 /* libPods-Skrapps.a */,
			);
			name = Frameworks;
			sourceTree = "<group>";
		};
/* End PBXGroup section */

/* Begin PBXNativeTarget section */
		5B1CFDF01B4F6BDD0021166B /* Skrapps */ = {
			isa = PBXNativeTarget;
			buildConfigurationList = 5B1CFE141B4F6BDE0021166B /* Build configuration list for PBXNativeTarget "Skrapps" */;
			buildPhases = (
				A32A139F6C3B9C149792AB92 /* Check Pods Manifest.lock */,
				5B1CFDED1B4F6BDD0021166B /* Sources */,
				5B1CFDEE1B4F6BDD0021166B /* Frameworks */,
				5B1CFDEF1B4F6BDD0021166B /* Resources */,
				32089309788F4327EE082C0C /* Copy Pods Resources */,
			);
			buildRules = (
			);
			dependencies = (
			);
			name = Skrapps;
			productName = Skrapps;
			productReference = 5B1CFDF11B4F6BDE0021166B /* Skrapps.app */;
			productType = "com.apple.product-type.application";
		};
		5B1CFE091B4F6BDE0021166B /* SkrappsTests */ = {
			isa = PBXNativeTarget;
			buildConfigurationList = 5B1CFE171B4F6BDE0021166B /* Build configuration list for PBXNativeTarget "SkrappsTests" */;
			buildPhases = (
				5B1CFE061B4F6BDE0021166B /* Sources */,
				5B1CFE071B4F6BDE0021166B /* Frameworks */,
				5B1CFE081B4F6BDE0021166B /* Resources */,
			);
			buildRules = (
			);
			dependencies = (
				5B1CFE0C1B4F6BDE0021166B /* PBXTargetDependency */,
			);
			name = SkrappsTests;
			productName = SkrappsTests;
			productReference = 5B1CFE0A1B4F6BDE0021166B /* SkrappsTests.xctest */;
			productType = "com.apple.product-type.bundle.unit-test";
		};
/* End PBXNativeTarget section */

/* Begin PBXProject section */
		5B1CFDE91B4F6BDD0021166B /* Project object */ = {
			isa = PBXProject;
			attributes = {
				LastUpgradeCheck = 0630;
				ORGANIZATIONNAME = skrapps;
				TargetAttributes = {
					5B1CFDF01B4F6BDD0021166B = {
						CreatedOnToolsVersion = 6.3.1;
					};
					5B1CFE091B4F6BDE0021166B = {
						CreatedOnToolsVersion = 6.3.1;
						TestTargetID = 5B1CFDF01B4F6BDD0021166B;
					};
				};
			};
			buildConfigurationList = 5B1CFDEC1B4F6BDD0021166B /* Build configuration list for PBXProject "Skrapps" */;
			compatibilityVersion = "Xcode 3.2";
			developmentRegion = English;
			hasScannedForEncodings = 0;
			knownRegions = (
				en,
				Base,
			);
			mainGroup = 5B1CFDE81B4F6BDD0021166B;
			productRefGroup = 5B1CFDF21B4F6BDE0021166B /* Products */;
			projectDirPath = "";
			projectRoot = "";
			targets = (
				5B1CFDF01B4F6BDD0021166B /* Skrapps */,
				5B1CFE091B4F6BDE0021166B /* SkrappsTests */,
			);
		};
/* End PBXProject section */

/* Begin PBXResourcesBuildPhase section */
		5B1CFDEF1B4F6BDD0021166B /* Resources */ = {
			isa = PBXResourcesBuildPhase;
			buildActionMask = 2147483647;
			files = (
				5B1CFE001B4F6BDE0021166B /* Main.storyboard in Resources */,
				5B1CFE051B4F6BDE0021166B /* LaunchScreen.xib in Resources */,
				5B1CFE021B4F6BDE0021166B /* Images.xcassets in Resources */,
			);
			runOnlyForDeploymentPostprocessing = 0;
		};
		5B1CFE081B4F6BDE0021166B /* Resources */ = {
			isa = PBXResourcesBuildPhase;
			buildActionMask = 2147483647;
			files = (
			);
			runOnlyForDeploymentPostprocessing = 0;
		};
/* End PBXResourcesBuildPhase section */

/* Begin PBXShellScriptBuildPhase section */
		32089309788F4327EE082C0C /* Copy Pods Resources */ = {
			isa = PBXShellScriptBuildPhase;
			buildActionMask = 2147483647;
			files = (
			);
			inputPaths = (
			);
			name = "Copy Pods Resources";
			outputPaths = (
			);
			runOnlyForDeploymentPostprocessing = 0;
			shellPath = /bin/sh;
			shellScript = "\"${SRCROOT}/Pods/Target Support Files/Pods/Pods-resources.sh\"\n";
			showEnvVarsInLog = 0;
		};
		A32A139F6C3B9C149792AB92 /* Check Pods Manifest.lock */ = {
			isa = PBXShellScriptBuildPhase;
			buildActionMask = 2147483647;
			files = (
			);
			inputPaths = (
			);
			name = "Check Pods Manifest.lock";
			outputPaths = (
			);
			runOnlyForDeploymentPostprocessing = 0;
			shellPath = /bin/sh;
			shellScript = "diff \"${PODS_ROOT}/../Podfile.lock\" \"${PODS_ROOT}/Manifest.lock\" > /dev/null\nif [[ $? != 0 ]] ; then\n    cat << EOM\nerror: The sandbox is not in sync with the Podfile.lock. Run 'pod install' or update your CocoaPods installation.\nEOM\n    exit 1\nfi\n";
			showEnvVarsInLog = 0;
		};
/* End PBXShellScriptBuildPhase section */

/* Begin PBXSourcesBuildPhase section */
		5B1CFDED1B4F6BDD0021166B /* Sources */ = {
			isa = PBXSourcesBuildPhase;
			buildActionMask = 2147483647;
			files = (
				5BA6077D1B506A8100F5403B /* SkrappsServiceManager.m in Sources */,
				5BA607711B503D0D00F5403B /* User.m in Sources */,
				5BA607821B507B2C00F5403B /* MediaCell.m in Sources */,
				5BA607791B504DBC00F5403B /* Media.m in Sources */,
				5BA607751B50409500F5403B /* Comment.m in Sources */,
				5B1CFDFD1B4F6BDE0021166B /* FeedViewController.m in Sources */,
				5B1CFDFA1B4F6BDE0021166B /* AppDelegate.m in Sources */,
				5B1CFE1F1B4F88040021166B /* InstagramServiceManager.m in Sources */,
				5B1CFDF71B4F6BDE0021166B /* main.m in Sources */,
			);
			runOnlyForDeploymentPostprocessing = 0;
		};
		5B1CFE061B4F6BDE0021166B /* Sources */ = {
			isa = PBXSourcesBuildPhase;
			buildActionMask = 2147483647;
			files = (
				5BA6077E1B506A8100F5403B /* SkrappsServiceManager.m in Sources */,
				5B1CFE201B4F88040021166B /* InstagramServiceManager.m in Sources */,
				5BA6077A1B504DBC00F5403B /* Media.m in Sources */,
				5B1CFE111B4F6BDE0021166B /* SkrappsTests.m in Sources */,
				5BA607721B503D0D00F5403B /* User.m in Sources */,
				5BA607831B507B2C00F5403B /* MediaCell.m in Sources */,
				5BA607761B50409500F5403B /* Comment.m in Sources */,
			);
			runOnlyForDeploymentPostprocessing = 0;
		};
/* End PBXSourcesBuildPhase section */

/* Begin PBXTargetDependency section */
		5B1CFE0C1B4F6BDE0021166B /* PBXTargetDependency */ = {
			isa = PBXTargetDependency;
			target = 5B1CFDF01B4F6BDD0021166B /* Skrapps */;
			targetProxy = 5B1CFE0B1B4F6BDE0021166B /* PBXContainerItemProxy */;
		};
/* End PBXTargetDependency section */

/* Begin PBXVariantGroup section */
		5B1CFDFE1B4F6BDE0021166B /* Main.storyboard */ = {
			isa = PBXVariantGroup;
			children = (
				5B1CFDFF1B4F6BDE0021166B /* Base */,
			);
			name = Main.storyboard;
			sourceTree = "<group>";
		};
		5B1CFE031B4F6BDE0021166B /* LaunchScreen.xib */ = {
			isa = PBXVariantGroup;
			children = (
				5B1CFE041B4F6BDE0021166B /* Base */,
			);
			name = LaunchScreen.xib;
			sourceTree = "<group>";
		};
/* End PBXVariantGroup section */

/* Begin XCBuildConfiguration section */
		5B1CFE121B4F6BDE0021166B /* Debug */ = {
			isa = XCBuildConfiguration;
			buildSettings = {
				ALWAYS_SEARCH_USER_PATHS = NO;
				CLANG_CXX_LANGUAGE_STANDARD = "gnu++0x";
				CLANG_CXX_LIBRARY = "libc++";
				CLANG_ENABLE_MODULES = YES;
				CLANG_ENABLE_OBJC_ARC = YES;
				CLANG_WARN_BOOL_CONVERSION = YES;
				CLANG_WARN_CONSTANT_CONVERSION = YES;
				CLANG_WARN_DIRECT_OBJC_ISA_USAGE = YES_ERROR;
				CLANG_WARN_EMPTY_BODY = YES;
				CLANG_WARN_ENUM_CONVERSION = YES;
				CLANG_WARN_INT_CONVERSION = YES;
				CLANG_WARN_OBJC_ROOT_CLASS = YES_ERROR;
				CLANG_WARN_UNREACHABLE_CODE = YES;
				CLANG_WARN__DUPLICATE_METHOD_MATCH = YES;
				"CODE_SIGN_IDENTITY[sdk=iphoneos*]" = "iPhone Developer";
				COPY_PHASE_STRIP = NO;
				DEBUG_INFORMATION_FORMAT = "dwarf-with-dsym";
				ENABLE_STRICT_OBJC_MSGSEND = YES;
				GCC_C_LANGUAGE_STANDARD = gnu99;
				GCC_DYNAMIC_NO_PIC = NO;
				GCC_NO_COMMON_BLOCKS = YES;
				GCC_OPTIMIZATION_LEVEL = 0;
				GCC_PREPROCESSOR_DEFINITIONS = (
					"DEBUG=1",
					"$(inherited)",
				);
				GCC_SYMBOLS_PRIVATE_EXTERN = NO;
				GCC_WARN_64_TO_32_BIT_CONVERSION = YES;
				GCC_WARN_ABOUT_RETURN_TYPE = YES_ERROR;
				GCC_WARN_UNDECLARED_SELECTOR = YES;
				GCC_WARN_UNINITIALIZED_AUTOS = YES_AGGRESSIVE;
				GCC_WARN_UNUSED_FUNCTION = YES;
				GCC_WARN_UNUSED_VARIABLE = YES;
				IPHONEOS_DEPLOYMENT_TARGET = 8.3;
				MTL_ENABLE_DEBUG_INFO = YES;
				ONLY_ACTIVE_ARCH = YES;
				SDKROOT = iphoneos;
			};
			name = Debug;
		};
		5B1CFE131B4F6BDE0021166B /* Release */ = {
			isa = XCBuildConfiguration;
			buildSettings = {
				ALWAYS_SEARCH_USER_PATHS = NO;
				CLANG_CXX_LANGUAGE_STANDARD = "gnu++0x";
				CLANG_CXX_LIBRARY = "libc++";
				CLANG_ENABLE_MODULES = YES;
				CLANG_ENABLE_OBJC_ARC = YES;
				CLANG_WARN_BOOL_CONVERSION = YES;
				CLANG_WARN_CONSTANT_CONVERSION = YES;
				CLANG_WARN_DIRECT_OBJC_ISA_USAGE = YES_ERROR;
				CLANG_WARN_EMPTY_BODY = YES;
				CLANG_WARN_ENUM_CONVERSION = YES;
				CLANG_WARN_INT_CONVERSION = YES;
				CLANG_WARN_OBJC_ROOT_CLASS = YES_ERROR;
				CLANG_WARN_UNREACHABLE_CODE = YES;
				CLANG_WARN__DUPLICATE_METHOD_MATCH = YES;
				"CODE_SIGN_IDENTITY[sdk=iphoneos*]" = "iPhone Developer";
				COPY_PHASE_STRIP = NO;
				DEBUG_INFORMATION_FORMAT = "dwarf-with-dsym";
				ENABLE_NS_ASSERTIONS = NO;
				ENABLE_STRICT_OBJC_MSGSEND = YES;
				GCC_C_LANGUAGE_STANDARD = gnu99;
				GCC_NO_COMMON_BLOCKS = YES;
				GCC_WARN_64_TO_32_BIT_CONVERSION = YES;
				GCC_WARN_ABOUT_RETURN_TYPE = YES_ERROR;
				GCC_WARN_UNDECLARED_SELECTOR = YES;
				GCC_WARN_UNINITIALIZED_AUTOS = YES_AGGRESSIVE;
				GCC_WARN_UNUSED_FUNCTION = YES;
				GCC_WARN_UNUSED_VARIABLE = YES;
				IPHONEOS_DEPLOYMENT_TARGET = 8.3;
				MTL_ENABLE_DEBUG_INFO = NO;
				SDKROOT = iphoneos;
				VALIDATE_PRODUCT = YES;
			};
			name = Release;
		};
		5B1CFE151B4F6BDE0021166B /* Debug */ = {
			isa = XCBuildConfiguration;
			baseConfigurationReference = 9798FE1CF94599CCFA8527DC /* Pods.debug.xcconfig */;
			buildSettings = {
				ASSETCATALOG_COMPILER_APPICON_NAME = AppIcon;
				INFOPLIST_FILE = Skrapps/Info.plist;
				IPHONEOS_DEPLOYMENT_TARGET = 8.1;
				LD_RUNPATH_SEARCH_PATHS = "$(inherited) @executable_path/Frameworks";
				PRODUCT_NAME = "$(TARGET_NAME)";
			};
			name = Debug;
		};
		5B1CFE161B4F6BDE0021166B /* Release */ = {
			isa = XCBuildConfiguration;
			baseConfigurationReference = 3C433BAC98D61957AA59C04E /* Pods.release.xcconfig */;
			buildSettings = {
				ASSETCATALOG_COMPILER_APPICON_NAME = AppIcon;
				INFOPLIST_FILE = Skrapps/Info.plist;
				IPHONEOS_DEPLOYMENT_TARGET = 8.1;
				LD_RUNPATH_SEARCH_PATHS = "$(inherited) @executable_path/Frameworks";
				PRODUCT_NAME = "$(TARGET_NAME)";
			};
			name = Release;
		};
		5B1CFE181B4F6BDE0021166B /* Debug */ = {
			isa = XCBuildConfiguration;
			baseConfigurationReference = 9798FE1CF94599CCFA8527DC /* Pods.debug.xcconfig */;
			buildSettings = {
				BUNDLE_LOADER = "$(TEST_HOST)";
				FRAMEWORK_SEARCH_PATHS = (
					"$(SDKROOT)/Developer/Library/Frameworks",
					"$(inherited)",
				);
				GCC_PREPROCESSOR_DEFINITIONS = (
					"DEBUG=1",
					"$(inherited)",
				);
				INFOPLIST_FILE = SkrappsTests/Info.plist;
				LD_RUNPATH_SEARCH_PATHS = "$(inherited) @executable_path/Frameworks @loader_path/Frameworks";
				PRODUCT_NAME = "$(TARGET_NAME)";
				TEST_HOST = "$(BUILT_PRODUCTS_DIR)/Skrapps.app/Skrapps";
			};
			name = Debug;
		};
		5B1CFE191B4F6BDE0021166B /* Release */ = {
			isa = XCBuildConfiguration;
			baseConfigurationReference = 3C433BAC98D61957AA59C04E /* Pods.release.xcconfig */;
			buildSettings = {
				BUNDLE_LOADER = "$(TEST_HOST)";
				FRAMEWORK_SEARCH_PATHS = (
					"$(SDKROOT)/Developer/Library/Frameworks",
					"$(inherited)",
				);
				INFOPLIST_FILE = SkrappsTests/Info.plist;
				LD_RUNPATH_SEARCH_PATHS = "$(inherited) @executable_path/Frameworks @loader_path/Frameworks";
				PRODUCT_NAME = "$(TARGET_NAME)";
				TEST_HOST = "$(BUILT_PRODUCTS_DIR)/Skrapps.app/Skrapps";
			};
			name = Release;
		};
/* End XCBuildConfiguration section */

/* Begin XCConfigurationList section */
		5B1CFDEC1B4F6BDD0021166B /* Build configuration list for PBXProject "Skrapps" */ = {
			isa = XCConfigurationList;
			buildConfigurations = (
				5B1CFE121B4F6BDE0021166B /* Debug */,
				5B1CFE131B4F6BDE0021166B /* Release */,
			);
			defaultConfigurationIsVisible = 0;
			defaultConfigurationName = Release;
		};
		5B1CFE141B4F6BDE0021166B /* Build configuration list for PBXNativeTarget "Skrapps" */ = {
			isa = XCConfigurationList;
			buildConfigurations = (
				5B1CFE151B4F6BDE0021166B /* Debug */,
				5B1CFE161B4F6BDE0021166B /* Release */,
			);
			defaultConfigurationIsVisible = 0;
			defaultConfigurationName = Release;
		};
		5B1CFE171B4F6BDE0021166B /* Build configuration list for PBXNativeTarget "SkrappsTests" */ = {
			isa = XCConfigurationList;
			buildConfigurations = (
				5B1CFE181B4F6BDE0021166B /* Debug */,
				5B1CFE191B4F6BDE0021166B /* Release */,
			);
			defaultConfigurationIsVisible = 0;
			defaultConfigurationName = Release;
		};
/* End XCConfigurationList section */
	};
	rootObject = 5B1CFDE91B4F6BDD0021166B /* Project object */;
}
